Microsoft Visual Studio Solution File, Format Version 12.00
# Visual Studio 15
VisualStudioVersion = 15.0.27130.2026
MinimumVisualStudioVersion = 15.0.26124.0
Project("{9A19103F-16F7-4668-BE54-9A1E7A4F7556}") = "WallboardBack", "WallboardBack\WallboardBack.csproj", "{FDD4C7B0-E9FE-4982-A132-A55B7FCF69FB}"
EndProject
Project("{9A19103F-16F7-4668-BE54-9A1E7A4F7556}") = "WallboardBack.Tests", "WallboardBack.Tests\WallboardBack.Tests.csproj", "{54693683-A5C6-428B-8907-427ED5470D4A}"
EndProject
Global
	GlobalSection(SolutionConfigurationPlatforms) = preSolution
		Debug|Any CPU = Debug|Any CPU
		Debug|x64 = Debug|x64
		Debug|x86 = Debug|x86
		Release|Any CPU = Release|Any CPU
		Release|x64 = Release|x64
		Release|x86 = Release|x86
	EndGlobalSection
	GlobalSection(ProjectConfigurationPlatforms) = postSolution
		{FDD4C7B0-E9FE-4982-A132-A55B7FCF69FB}.Debug|Any CPU.ActiveCfg = Debug|Any CPU
		{FDD4C7B0-E9FE-4982-A132-A55B7FCF69FB}.Debug|Any CPU.Build.0 = Debug|Any CPU
		{FDD4C7B0-E9FE-4982-A132-A55B7FCF69FB}.Debug|x64.ActiveCfg = Debug|Any CPU
		{FDD4C7B0-E9FE-4982-A132-A55B7FCF69FB}.Debug|x64.Build.0 = Debug|Any CPU
		{FDD4C7B0-E9FE-4982-A132-A55B7FCF69FB}.Debug|x86.ActiveCfg = Debug|Any CPU
		{FDD4C7B0-E9FE-4982-A132-A55B7FCF69FB}.Debug|x86.Build.0 = Debug|Any CPU
		{FDD4C7B0-E9FE-4982-A132-A55B7FCF69FB}.Release|Any CPU.ActiveCfg = Release|Any CPU
		{FDD4C7B0-E9FE-4982-A132-A55B7FCF69FB}.Release|Any CPU.Build.0 = Release|Any CPU
		{FDD4C7B0-E9FE-4982-A132-A55B7FCF69FB}.Release|x64.ActiveCfg = Release|Any CPU
		{FDD4C7B0-E9FE-4982-A132-A55B7FCF69FB}.Release|x64.Build.0 = Release|Any CPU
		{FDD4C7B0-E9FE-4982-A132-A55B7FCF69FB}.Release|x86.ActiveCfg = Release|Any CPU
		{FDD4C7B0-E9FE-4982-A132-A55B7FCF69FB}.Release|x86.Build.0 = Release|Any CPU
		{54693683-A5C6-428B-8907-427ED5470D4A}.Debug|Any CPU.ActiveCfg = Debug|Any CPU
		{54693683-A5C6-428B-8907-427ED5470D4A}.Debug|Any CPU.Build.0 = Debug|Any CPU
		{54693683-A5C6-428B-8907-427ED5470D4A}.Debug|x64.ActiveCfg = Debug|Any CPU
		{54693683-A5C6-428B-8907-427ED5470D4A}.Debug|x64.Build.0 = Debug|Any CPU
		{54693683-A5C6-428B-8907-427ED5470D4A}.Debug|x86.ActiveCfg = Debug|Any CPU
		{54693683-A5C6-428B-8907-427ED5470D4A}.Debug|x86.Build.0 = Debug|Any CPU
		{54693683-A5C6-428B-8907-427ED5470D4A}.Release|Any CPU.ActiveCfg = Release|Any CPU
		{54693683-A5C6-428B-8907-427ED5470D4A}.Release|Any CPU.Build.0 = Release|Any CPU
		{54693683-A5C6-428B-8907-427ED5470D4A}.Release|x64.ActiveCfg = Release|Any CPU
		{54693683-A5C6-428B-8907-427ED5470D4A}.Release|x64.Build.0 = Release|Any CPU
		{54693683-A5C6-428B-8907-427ED5470D4A}.Release|x86.ActiveCfg = Release|Any CPU
		{54693683-A5C6-428B-8907-427ED5470D4A}.Release|x86.Build.0 = Release|Any CPU
	EndGlobalSection
	GlobalSection(SolutionProperties) = preSolution
		HideSolutionNode = FALSE
	EndGlobalSection
	GlobalSection(ExtensibilityGlobals) = postSolution
		SolutionGuid = {0156CFDD-EEF1-4E55-B394-D5EAA1AEEEEA}
	EndGlobalSection
EndGlobal
